github.com/nickwells/testhelper.mod v1.14.0 h1:1aCkxJ7xAOUX8iiPIc+7pC/uDeAsW+/nkokg73G3obo=
github.com/nickwells/testhelper.mod v1.14.0/go.mod h1:Ct/U2PjL0n9hGc+US6uR/s4NxSRI33NM+0ZkrDkG0XI=
github.com/nickwells/twrap.mod v1.4.10 h1:pfCoBsS5B0cOUR76ak3XjKJvID5zeieef9kI9w+fk2c=
github.com/nickwells/twrap.mod v1.4.10/go.mod h1:cgoe18/hDt2AS1oFt0qT9Sy0ThnvmH1d5/zaOfyUdCQ=
golang.org/x/sys v0.0.0-20201119102817-f84b799fce68/go.mod h1:h1NjWce9XRLGQEsW7wpKNCjG9DtNlClVuFLEZdDNbEs=
golang.org/x/sys v0.0.0-20201223074533-0d417f636930 h1:vRgIt+nup/B/BwIS0g2oC0haq0iqbV3ZA+u6+0TlNCo=
golang.org/x/sys v0.0.0-20201223074533-0d417f636930/go.mod h1:h1NjWce9XRLGQEsW7wpKNCjG9DtNlClVuFLEZdDNbEs=
golang.org/x/term v0.0.0-20201210144234-2321bbc49cbf h1:MZ2shdL+ZM/XzY3ZGOnh4Nlpnxz5GSOhOmtHo3iPU6M=
golang.org/x/term v0.0.0-20201210144234-2321bbc49cbf/go.mod h1:bj7SfCRtBDWHUb9snDiAeCFNEtKQo2Wmx5Cou7ajbmo=
