github.com/nickwells/testhelper.mod v1.12.1 h1:PqgnUVCFiuYxSwRs7grmxRethIp5/FDKZrllWscSKJs=
github.com/nickwells/testhelper.mod v1.12.1/go.mod h1:Ct/U2PjL0n9hGc+US6uR/s4NxSRI33NM+0ZkrDkG0XI=
github.com/nickwells/twrap.mod v1.4.9 h1:GaRPrTpMqQpIp1DQYuQLVVIEJUAPFUMUj7TFJPKpc4s=
github.com/nickwells/twrap.mod v1.4.9/go.mod h1:c0gQLgPw93L8/0mnn5NjYE009+V1uYLEUq9t2aRpCOA=
golang.org/x/sys v0.0.0-20201119102817-f84b799fce68/go.mod h1:h1NjWce9XRLGQEsW7wpKNCjG9DtNlClVuFLEZdDNbEs=
golang.org/x/sys v0.0.0-20201211090839-8ad439b19e0f h1:QdHQnPce6K4XQewki9WNbG5KOROuDzqO3NaYjI1cXJ0=
golang.org/x/sys v0.0.0-20201211090839-8ad439b19e0f/go.mod h1:h1NjWce9XRLGQEsW7wpKNCjG9DtNlClVuFLEZdDNbEs=
golang.org/x/term v0.0.0-20201210144234-2321bbc49cbf h1:MZ2shdL+ZM/XzY3ZGOnh4Nlpnxz5GSOhOmtHo3iPU6M=
golang.org/x/term v0.0.0-20201210144234-2321bbc49cbf/go.mod h1:bj7SfCRtBDWHUb9snDiAeCFNEtKQo2Wmx5Cou7ajbmo=
