github.com/nickwells/testhelper.mod/v2 v2.1.0 h1:dvY6icCWX8Lx5MOt01P4aC/0olap8ugI44La0W1vags=
github.com/nickwells/twrap.mod v1.4.21 h1:igPW+JepLeldXbttb9ubQXf6ztiNSUnbEEoh2foBXFM=
github.com/nickwells/twrap.mod v1.4.21/go.mod h1:pdRmT2cXwfPDFUQrWmpaAvmf8nrR4XpIt10Jkx5tB8k=
golang.org/x/exp v0.0.0-20230315142452-642cacee5cc0 h1:pVgRXcIictcr+lBQIFeiwuwtDIs4eL21OuM9nyAADmo=
golang.org/x/sys v0.6.0 h1:MVltZSvRTcU2ljQOhs94SXPftV6DCNnZViHeQps87pQ=
golang.org/x/sys v0.6.0/go.mod h1:oPkhp1MJrh7nUepCBck5+mAzfO9JrbApNNgaTdGDITg=
golang.org/x/term v0.6.0 h1:clScbb1cHjoCkyRbWwBEUZ5H/tIFu5TAXIqaZD0Gcjw=
golang.org/x/term v0.6.0/go.mod h1:m6U89DPEgQRMq3DNkDClhWw02AUbt2daBVO4cn4Hv9U=
